
Microsoft Visual Studio Solution File, Format Version 12.00
# Visual Studio Version 16
VisualStudioVersion = 16.0.30907.101
MinimumVisualStudioVersion = 10.0.40219.1
Project("{FAE04EC0-301F-11D3-BF4B-00C04F79EFBC}") = "lab2-singlewebpageapp", "lab2-singlewebpageapp.csproj", "{10A27003-9F18-4BC5-BD6E-C1591F75D7A6}"
EndProject
Global
	GlobalSection(SolutionConfigurationPlatforms) = preSolution
		Debug|Any CPU = Debug|Any CPU
		Release|Any CPU = Release|Any CPU
	EndGlobalSection
	GlobalSection(ProjectConfigurationPlatforms) = postSolution
		{10A27003-9F18-4BC5-BD6E-C1591F75D7A6}.Debug|Any CPU.ActiveCfg = Debug|Any CPU
		{10A27003-9F18-4BC5-BD6E-C1591F75D7A6}.Debug|Any CPU.Build.0 = Debug|Any CPU
		{10A27003-9F18-4BC5-BD6E-C1591F75D7A6}.Release|Any CPU.ActiveCfg = Release|Any CPU
		{10A27003-9F18-4BC5-BD6E-C1591F75D7A6}.Release|Any CPU.Build.0 = Release|Any CPU
	EndGlobalSection
	GlobalSection(SolutionProperties) = preSolution
		HideSolutionNode = FALSE
	EndGlobalSection
	GlobalSection(ExtensibilityGlobals) = postSolution
		SolutionGuid = {FB46AD9B-77DE-4496-9831-7103FC604787}
	EndGlobalSection
EndGlobal
